
Microsoft Visual Studio Solution File, Format Version 12.00
# Visual Studio 15
VisualStudioVersion = 15.0.28307.168
MinimumVisualStudioVersion = 10.0.40219.1
Project("{FAE04EC0-301F-11D3-BF4B-00C04F79EFBC}") = "tabbedApp.Android", "tabbedApp\tabbedApp.Android\tabbedApp.Android.csproj", "{62B94E51-22D1-4F24-98E8-9CD069D535BC}"
EndProject
Project("{FAE04EC0-301F-11D3-BF4B-00C04F79EFBC}") = "tabbedApp.iOS", "tabbedApp\tabbedApp.iOS\tabbedApp.iOS.csproj", "{18B6AFDE-15EA-48A8-8DA3-16A3F1625118}"
EndProject
Project("{FAE04EC0-301F-11D3-BF4B-00C04F79EFBC}") = "tabbedApp.UWP", "tabbedApp\tabbedApp.UWP\tabbedApp.UWP.csproj", "{932DE354-024B-41ED-BF5C-FF67160F10D7}"
EndProject
Project("{FAE04EC0-301F-11D3-BF4B-00C04F79EFBC}") = "tabbedApp", "tabbedApp\tabbedApp\tabbedApp.csproj", "{9B81341E-AC2B-460A-B89A-F912CE0AE9D2}"
EndProject
Global
	GlobalSection(SolutionConfigurationPlatforms) = preSolution
		Debug|Any CPU = Debug|Any CPU
		Debug|ARM = Debug|ARM
		Debug|iPhone = Debug|iPhone
		Debug|iPhoneSimulator = Debug|iPhoneSimulator
		Debug|x64 = Debug|x64
		Debug|x86 = Debug|x86
		Release|Any CPU = Release|Any CPU
		Release|ARM = Release|ARM
		Release|iPhone = Release|iPhone
		Release|iPhoneSimulator = Release|iPhoneSimulator
		Release|x64 = Release|x64
		Release|x86 = Release|x86
	EndGlobalSection
	GlobalSection(ProjectConfigurationPlatforms) = postSolution
		{62B94E51-22D1-4F24-98E8-9CD069D535BC}.Debug|Any CPU.ActiveCfg = Debug|Any CPU
		{62B94E51-22D1-4F24-98E8-9CD069D535BC}.Debug|Any CPU.Build.0 = Debug|Any CPU
		{62B94E51-22D1-4F24-98E8-9CD069D535BC}.Debug|Any CPU.Deploy.0 = Debug|Any CPU
		{62B94E51-22D1-4F24-98E8-9CD069D535BC}.Debug|ARM.ActiveCfg = Debug|Any CPU
		{62B94E51-22D1-4F24-98E8-9CD069D535BC}.Debug|ARM.Build.0 = Debug|Any CPU
		{62B94E51-22D1-4F24-98E8-9CD069D535BC}.Debug|ARM.Deploy.0 = Debug|Any CPU
		{62B94E51-22D1-4F24-98E8-9CD069D535BC}.Debug|iPhone.ActiveCfg = Debug|Any CPU
		{62B94E51-22D1-4F24-98E8-9CD069D535BC}.Debug|iPhone.Build.0 = Debug|Any CPU
		{62B94E51-22D1-4F24-98E8-9CD069D535BC}.Debug|iPhone.Deploy.0 = Debug|Any CPU
		{62B94E51-22D1-4F24-98E8-9CD069D535BC}.Debug|iPhoneSimulator.ActiveCfg = Debug|Any CPU
		{62B94E51-22D1-4F24-98E8-9CD069D535BC}.Debug|iPhoneSimulator.Build.0 = Debug|Any CPU
		{62B94E51-22D1-4F24-98E8-9CD069D535BC}.Debug|iPhoneSimulator.Deploy.0 = Debug|Any CPU
		{62B94E51-22D1-4F24-98E8-9CD069D535BC}.Debug|x64.ActiveCfg = Debug|Any CPU
		{62B94E51-22D1-4F24-98E8-9CD069D535BC}.Debug|x64.Build.0 = Debug|Any CPU
		{62B94E51-22D1-4F24-98E8-9CD069D535BC}.Debug|x64.Deploy.0 = Debug|Any CPU
		{62B94E51-22D1-4F24-98E8-9CD069D535BC}.Debug|x86.ActiveCfg = Debug|Any CPU
		{62B94E51-22D1-4F24-98E8-9CD069D535BC}.Debug|x86.Build.0 = Debug|Any CPU
		{62B94E51-22D1-4F24-98E8-9CD069D535BC}.Debug|x86.Deploy.0 = Debug|Any CPU
		{62B94E51-22D1-4F24-98E8-9CD069D535BC}.Release|Any CPU.ActiveCfg = Release|Any CPU
		{62B94E51-22D1-4F24-98E8-9CD069D535BC}.Release|Any CPU.Build.0 = Release|Any CPU
		{62B94E51-22D1-4F24-98E8-9CD069D535BC}.Release|Any CPU.Deploy.0 = Release|Any CPU
		{62B94E51-22D1-4F24-98E8-9CD069D535BC}.Release|ARM.ActiveCfg = Release|Any CPU
		{62B94E51-22D1-4F24-98E8-9CD069D535BC}.Release|ARM.Build.0 = Release|Any CPU
		{62B94E51-22D1-4F24-98E8-9CD069D535BC}.Release|ARM.Deploy.0 = Release|Any CPU
		{62B94E51-22D1-4F24-98E8-9CD069D535BC}.Release|iPhone.ActiveCfg = Release|Any CPU
		{62B94E51-22D1-4F24-98E8-9CD069D535BC}.Release|iPhone.Build.0 = Release|Any CPU
		{62B94E51-22D1-4F24-98E8-9CD069D535BC}.Release|iPhone.Deploy.0 = Release|Any CPU
		{62B94E51-22D1-4F24-98E8-9CD069D535BC}.Release|iPhoneSimulator.ActiveCfg = Release|Any CPU
		{62B94E51-22D1-4F24-98E8-9CD069D535BC}.Release|iPhoneSimulator.Build.0 = Release|Any CPU
		{62B94E51-22D1-4F24-98E8-9CD069D535BC}.Release|iPhoneSimulator.Deploy.0 = Release|Any CPU
		{62B94E51-22D1-4F24-98E8-9CD069D535BC}.Release|x64.ActiveCfg = Release|Any CPU
		{62B94E51-22D1-4F24-98E8-9CD069D535BC}.Release|x64.Build.0 = Release|Any CPU
		{62B94E51-22D1-4F24-98E8-9CD069D535BC}.Release|x64.Deploy.0 = Release|Any CPU
		{62B94E51-22D1-4F24-98E8-9CD069D535BC}.Release|x86.ActiveCfg = Release|Any CPU
		{62B94E51-22D1-4F24-98E8-9CD069D535BC}.Release|x86.Build.0 = Release|Any CPU
		{62B94E51-22D1-4F24-98E8-9CD069D535BC}.Release|x86.Deploy.0 = Release|Any CPU
		{18B6AFDE-15EA-48A8-8DA3-16A3F1625118}.Debug|Any CPU.ActiveCfg = Debug|iPhoneSimulator
		{18B6AFDE-15EA-48A8-8DA3-16A3F1625118}.Debug|Any CPU.Build.0 = Debug|iPhoneSimulator
		{18B6AFDE-15EA-48A8-8DA3-16A3F1625118}.Debug|Any CPU.Deploy.0 = Debug|iPhoneSimulator
		{18B6AFDE-15EA-48A8-8DA3-16A3F1625118}.Debug|ARM.ActiveCfg = Debug|iPhone
		{18B6AFDE-15EA-48A8-8DA3-16A3F1625118}.Debug|ARM.Build.0 = Debug|iPhone
		{18B6AFDE-15EA-48A8-8DA3-16A3F1625118}.Debug|ARM.Deploy.0 = Debug|iPhone
		{18B6AFDE-15EA-48A8-8DA3-16A3F1625118}.Debug|iPhone.ActiveCfg = Debug|iPhone
		{18B6AFDE-15EA-48A8-8DA3-16A3F1625118}.Debug|iPhone.Build.0 = Debug|iPhone
		{18B6AFDE-15EA-48A8-8DA3-16A3F1625118}.Debug|iPhone.Deploy.0 = Debug|iPhone
		{18B6AFDE-15EA-48A8-8DA3-16A3F1625118}.Debug|iPhoneSimulator.ActiveCfg = Debug|iPhoneSimulator
		{18B6AFDE-15EA-48A8-8DA3-16A3F1625118}.Debug|iPhoneSimulator.Build.0 = Debug|iPhoneSimulator
		{18B6AFDE-15EA-48A8-8DA3-16A3F1625118}.Debug|iPhoneSimulator.Deploy.0 = Debug|iPhoneSimulator
		{18B6AFDE-15EA-48A8-8DA3-16A3F1625118}.Debug|x64.ActiveCfg = Debug|iPhone
		{18B6AFDE-15EA-48A8-8DA3-16A3F1625118}.Debug|x64.Build.0 = Debug|iPhone
		{18B6AFDE-15EA-48A8-8DA3-16A3F1625118}.Debug|x64.Deploy.0 = Debug|iPhone
		{18B6AFDE-15EA-48A8-8DA3-16A3F1625118}.Debug|x86.ActiveCfg = Debug|iPhone
		{18B6AFDE-15EA-48A8-8DA3-16A3F1625118}.Debug|x86.Build.0 = Debug|iPhone
		{18B6AFDE-15EA-48A8-8DA3-16A3F1625118}.Debug|x86.Deploy.0 = Debug|iPhone
		{18B6AFDE-15EA-48A8-8DA3-16A3F1625118}.Release|Any CPU.ActiveCfg = Release|iPhone
		{18B6AFDE-15EA-48A8-8DA3-16A3F1625118}.Release|Any CPU.Build.0 = Release|iPhone
		{18B6AFDE-15EA-48A8-8DA3-16A3F1625118}.Release|Any CPU.Deploy.0 = Release|iPhone
		{18B6AFDE-15EA-48A8-8DA3-16A3F1625118}.Release|ARM.ActiveCfg = Release|iPhone
		{18B6AFDE-15EA-48A8-8DA3-16A3F1625118}.Release|ARM.Build.0 = Release|iPhone
		{18B6AFDE-15EA-48A8-8DA3-16A3F1625118}.Release|ARM.Deploy.0 = Release|iPhone
		{18B6AFDE-15EA-48A8-8DA3-16A3F1625118}.Release|iPhone.ActiveCfg = Release|iPhone
		{18B6AFDE-15EA-48A8-8DA3-16A3F1625118}.Release|iPhone.Build.0 = Release|iPhone
		{18B6AFDE-15EA-48A8-8DA3-16A3F1625118}.Release|iPhone.Deploy.0 = Release|iPhone
		{18B6AFDE-15EA-48A8-8DA3-16A3F1625118}.Release|iPhoneSimulator.ActiveCfg = Release|iPhoneSimulator
		{18B6AFDE-15EA-48A8-8DA3-16A3F1625118}.Release|iPhoneSimulator.Build.0 = Release|iPhoneSimulator
		{18B6AFDE-15EA-48A8-8DA3-16A3F1625118}.Release|iPhoneSimulator.Deploy.0 = Release|iPhoneSimulator
		{18B6AFDE-15EA-48A8-8DA3-16A3F1625118}.Release|x64.ActiveCfg = Release|iPhone
		{18B6AFDE-15EA-48A8-8DA3-16A3F1625118}.Release|x64.Build.0 = Release|iPhone
		{18B6AFDE-15EA-48A8-8DA3-16A3F1625118}.Release|x64.Deploy.0 = Release|iPhone
		{18B6AFDE-15EA-48A8-8DA3-16A3F1625118}.Release|x86.ActiveCfg = Release|iPhone
		{18B6AFDE-15EA-48A8-8DA3-16A3F1625118}.Release|x86.Build.0 = Release|iPhone
		{18B6AFDE-15EA-48A8-8DA3-16A3F1625118}.Release|x86.Deploy.0 = Release|iPhone
		{932DE354-024B-41ED-BF5C-FF67160F10D7}.Debug|Any CPU.ActiveCfg = Debug|x86
		{932DE354-024B-41ED-BF5C-FF67160F10D7}.Debug|Any CPU.Build.0 = Debug|x86
		{932DE354-024B-41ED-BF5C-FF67160F10D7}.Debug|Any CPU.Deploy.0 = Debug|x86
		{932DE354-024B-41ED-BF5C-FF67160F10D7}.Debug|ARM.ActiveCfg = Debug|ARM
		{932DE354-024B-41ED-BF5C-FF67160F10D7}.Debug|ARM.Build.0 = Debug|ARM
		{932DE354-024B-41ED-BF5C-FF67160F10D7}.Debug|ARM.Deploy.0 = Debug|ARM
		{932DE354-024B-41ED-BF5C-FF67160F10D7}.Debug|iPhone.ActiveCfg = Debug|x86
		{932DE354-024B-41ED-BF5C-FF67160F10D7}.Debug|iPhone.Build.0 = Debug|x86
		{932DE354-024B-41ED-BF5C-FF67160F10D7}.Debug|iPhone.Deploy.0 = Debug|x86
		{932DE354-024B-41ED-BF5C-FF67160F10D7}.Debug|iPhoneSimulator.ActiveCfg = Debug|x86
		{932DE354-024B-41ED-BF5C-FF67160F10D7}.Debug|iPhoneSimulator.Build.0 = Debug|x86
		{932DE354-024B-41ED-BF5C-FF67160F10D7}.Debug|iPhoneSimulator.Deploy.0 = Debug|x86
		{932DE354-024B-41ED-BF5C-FF67160F10D7}.Debug|x64.ActiveCfg = Debug|x64
		{932DE354-024B-41ED-BF5C-FF67160F10D7}.Debug|x64.Build.0 = Debug|x64
		{932DE354-024B-41ED-BF5C-FF67160F10D7}.Debug|x64.Deploy.0 = Debug|x64
		{932DE354-024B-41ED-BF5C-FF67160F10D7}.Debug|x86.ActiveCfg = Debug|x86
		{932DE354-024B-41ED-BF5C-FF67160F10D7}.Debug|x86.Build.0 = Debug|x86
		{932DE354-024B-41ED-BF5C-FF67160F10D7}.Debug|x86.Deploy.0 = Debug|x86
		{932DE354-024B-41ED-BF5C-FF67160F10D7}.Release|Any CPU.ActiveCfg = Release|x86
		{932DE354-024B-41ED-BF5C-FF67160F10D7}.Release|Any CPU.Build.0 = Release|x86
		{932DE354-024B-41ED-BF5C-FF67160F10D7}.Release|Any CPU.Deploy.0 = Release|x86
		{932DE354-024B-41ED-BF5C-FF67160F10D7}.Release|ARM.ActiveCfg = Release|ARM
		{932DE354-024B-41ED-BF5C-FF67160F10D7}.Release|ARM.Build.0 = Release|ARM
		{932DE354-024B-41ED-BF5C-FF67160F10D7}.Release|ARM.Deploy.0 = Release|ARM
		{932DE354-024B-41ED-BF5C-FF67160F10D7}.Release|iPhone.ActiveCfg = Release|x86
		{932DE354-024B-41ED-BF5C-FF67160F10D7}.Release|iPhone.Build.0 = Release|x86
		{932DE354-024B-41ED-BF5C-FF67160F10D7}.Release|iPhone.Deploy.0 = Release|x86
		{932DE354-024B-41ED-BF5C-FF67160F10D7}.Release|iPhoneSimulator.ActiveCfg = Release|x86
		{932DE354-024B-41ED-BF5C-FF67160F10D7}.Release|iPhoneSimulator.Build.0 = Release|x86
		{932DE354-024B-41ED-BF5C-FF67160F10D7}.Release|iPhoneSimulator.Deploy.0 = Release|x86
		{932DE354-024B-41ED-BF5C-FF67160F10D7}.Release|x64.ActiveCfg = Release|x64
		{932DE354-024B-41ED-BF5C-FF67160F10D7}.Release|x64.Build.0 = Release|x64
		{932DE354-024B-41ED-BF5C-FF67160F10D7}.Release|x64.Deploy.0 = Release|x64
		{932DE354-024B-41ED-BF5C-FF67160F10D7}.Release|x86.ActiveCfg = Release|x86
		{932DE354-024B-41ED-BF5C-FF67160F10D7}.Release|x86.Build.0 = Release|x86
		{932DE354-024B-41ED-BF5C-FF67160F10D7}.Release|x86.Deploy.0 = Release|x86
		{9B81341E-AC2B-460A-B89A-F912CE0AE9D2}.Debug|Any CPU.ActiveCfg = Debug|Any CPU
		{9B81341E-AC2B-460A-B89A-F912CE0AE9D2}.Debug|Any CPU.Build.0 = Debug|Any CPU
		{9B81341E-AC2B-460A-B89A-F912CE0AE9D2}.Debug|Any CPU.Deploy.0 = Debug|Any CPU
		{9B81341E-AC2B-460A-B89A-F912CE0AE9D2}.Debug|ARM.ActiveCfg = Debug|Any CPU
		{9B81341E-AC2B-460A-B89A-F912CE0AE9D2}.Debug|ARM.Build.0 = Debug|Any CPU
		{9B81341E-AC2B-460A-B89A-F912CE0AE9D2}.Debug|ARM.Deploy.0 = Debug|Any CPU
		{9B81341E-AC2B-460A-B89A-F912CE0AE9D2}.Debug|iPhone.ActiveCfg = Debug|Any CPU
		{9B81341E-AC2B-460A-B89A-F912CE0AE9D2}.Debug|iPhone.Build.0 = Debug|Any CPU
		{9B81341E-AC2B-460A-B89A-F912CE0AE9D2}.Debug|iPhone.Deploy.0 = Debug|Any CPU
		{9B81341E-AC2B-460A-B89A-F912CE0AE9D2}.Debug|iPhoneSimulator.ActiveCfg = Debug|Any CPU
		{9B81341E-AC2B-460A-B89A-F912CE0AE9D2}.Debug|iPhoneSimulator.Build.0 = Debug|Any CPU
		{9B81341E-AC2B-460A-B89A-F912CE0AE9D2}.Debug|iPhoneSimulator.Deploy.0 = Debug|Any CPU
		{9B81341E-AC2B-460A-B89A-F912CE0AE9D2}.Debug|x64.ActiveCfg = Debug|Any CPU
		{9B81341E-AC2B-460A-B89A-F912CE0AE9D2}.Debug|x64.Build.0 = Debug|Any CPU
		{9B81341E-AC2B-460A-B89A-F912CE0AE9D2}.Debug|x64.Deploy.0 = Debug|Any CPU
		{9B81341E-AC2B-460A-B89A-F912CE0AE9D2}.Debug|x86.ActiveCfg = Debug|Any CPU
		{9B81341E-AC2B-460A-B89A-F912CE0AE9D2}.Debug|x86.Build.0 = Debug|Any CPU
		{9B81341E-AC2B-460A-B89A-F912CE0AE9D2}.Debug|x86.Deploy.0 = Debug|Any CPU
		{9B81341E-AC2B-460A-B89A-F912CE0AE9D2}.Release|Any CPU.ActiveCfg = Release|Any CPU
		{9B81341E-AC2B-460A-B89A-F912CE0AE9D2}.Release|Any CPU.Build.0 = Release|Any CPU
		{9B81341E-AC2B-460A-B89A-F912CE0AE9D2}.Release|Any CPU.Deploy.0 = Release|Any CPU
		{9B81341E-AC2B-460A-B89A-F912CE0AE9D2}.Release|ARM.ActiveCfg = Release|Any CPU
		{9B81341E-AC2B-460A-B89A-F912CE0AE9D2}.Release|ARM.Build.0 = Release|Any CPU
		{9B81341E-AC2B-460A-B89A-F912CE0AE9D2}.Release|ARM.Deploy.0 = Release|Any CPU
		{9B81341E-AC2B-460A-B89A-F912CE0AE9D2}.Release|iPhone.ActiveCfg = Release|Any CPU
		{9B81341E-AC2B-460A-B89A-F912CE0AE9D2}.Release|iPhone.Build.0 = Release|Any CPU
		{9B81341E-AC2B-460A-B89A-F912CE0AE9D2}.Release|iPhone.Deploy.0 = Release|Any CPU
		{9B81341E-AC2B-460A-B89A-F912CE0AE9D2}.Release|iPhoneSimulator.ActiveCfg = Release|Any CPU
		{9B81341E-AC2B-460A-B89A-F912CE0AE9D2}.Release|iPhoneSimulator.Build.0 = Release|Any CPU
		{9B81341E-AC2B-460A-B89A-F912CE0AE9D2}.Release|iPhoneSimulator.Deploy.0 = Release|Any CPU
		{9B81341E-AC2B-460A-B89A-F912CE0AE9D2}.Release|x64.ActiveCfg = Release|Any CPU
		{9B81341E-AC2B-460A-B89A-F912CE0AE9D2}.Release|x64.Build.0 = Release|Any CPU
		{9B81341E-AC2B-460A-B89A-F912CE0AE9D2}.Release|x64.Deploy.0 = Release|Any CPU
		{9B81341E-AC2B-460A-B89A-F912CE0AE9D2}.Release|x86.ActiveCfg = Release|Any CPU
		{9B81341E-AC2B-460A-B89A-F912CE0AE9D2}.Release|x86.Build.0 = Release|Any CPU
		{9B81341E-AC2B-460A-B89A-F912CE0AE9D2}.Release|x86.Deploy.0 = Release|Any CPU
	EndGlobalSection
	GlobalSection(SolutionProperties) = preSolution
		HideSolutionNode = FALSE
	EndGlobalSection
	GlobalSection(ExtensibilityGlobals) = postSolution
		SolutionGuid = {DEA67F3F-623C-428B-8488-B84A62FF7272}
	EndGlobalSection
EndGlobal
